
Microsoft Visual Studio Solution File, Format Version 12.00
# Visual Studio Version 17
VisualStudioVersion = 17.5.33516.290
MinimumVisualStudioVersion = 10.0.40219.1
Project("{FAE04EC0-301F-11D3-BF4B-00C04F79EFBC}") = "1", "1.csproj", "{F147A446-1C3F-4953-867F-A9E41550C0D0}"
EndProject
Project("{FAE04EC0-301F-11D3-BF4B-00C04F79EFBC}") = "2", "2\2.csproj", "{911E5D51-C052-4232-A6FD-81E7707AA460}"
EndProject
Project("{FAE04EC0-301F-11D3-BF4B-00C04F79EFBC}") = "3", "3\3.csproj", "{98ECEAE7-CFED-4209-A90E-82AADC7AC593}"
EndProject
Project("{FAE04EC0-301F-11D3-BF4B-00C04F79EFBC}") = "4", "4\4.csproj", "{AFA27BFB-53DB-47EC-B3DE-329B67E7D00F}"
EndProject
Project("{FAE04EC0-301F-11D3-BF4B-00C04F79EFBC}") = "5", "5\5.csproj", "{B0CD666C-D8CC-4AC4-929D-15E1C5AFE2D3}"
EndProject
Project("{FAE04EC0-301F-11D3-BF4B-00C04F79EFBC}") = "6", "6\6.csproj", "{D825A6C0-F911-41C2-A9F6-F9F3A54D6EFE}"
EndProject
Project("{FAE04EC0-301F-11D3-BF4B-00C04F79EFBC}") = "7", "7\7.csproj", "{764220EB-555E-4750-B245-2A822077FCF1}"
EndProject
Project("{FAE04EC0-301F-11D3-BF4B-00C04F79EFBC}") = "8", "8\8.csproj", "{7604BAB2-AB0A-4878-9E21-10F251A7B6B8}"
EndProject
Project("{FAE04EC0-301F-11D3-BF4B-00C04F79EFBC}") = "9", "9\9.csproj", "{255E8427-B24E-46E5-978D-4D5363BFFC54}"
EndProject
Project("{FAE04EC0-301F-11D3-BF4B-00C04F79EFBC}") = "10", "10\10.csproj", "{ABA31DCF-1E17-413D-86C0-E9C3EAD0EF27}"
EndProject
Global
	GlobalSection(SolutionConfigurationPlatforms) = preSolution
		Debug|Any CPU = Debug|Any CPU
		Release|Any CPU = Release|Any CPU
	EndGlobalSection
	GlobalSection(ProjectConfigurationPlatforms) = postSolution
		{F147A446-1C3F-4953-867F-A9E41550C0D0}.Debug|Any CPU.ActiveCfg = Debug|Any CPU
		{F147A446-1C3F-4953-867F-A9E41550C0D0}.Debug|Any CPU.Build.0 = Debug|Any CPU
		{F147A446-1C3F-4953-867F-A9E41550C0D0}.Release|Any CPU.ActiveCfg = Release|Any CPU
		{F147A446-1C3F-4953-867F-A9E41550C0D0}.Release|Any CPU.Build.0 = Release|Any CPU
		{911E5D51-C052-4232-A6FD-81E7707AA460}.Debug|Any CPU.ActiveCfg = Debug|Any CPU
		{911E5D51-C052-4232-A6FD-81E7707AA460}.Debug|Any CPU.Build.0 = Debug|Any CPU
		{911E5D51-C052-4232-A6FD-81E7707AA460}.Release|Any CPU.ActiveCfg = Release|Any CPU
		{911E5D51-C052-4232-A6FD-81E7707AA460}.Release|Any CPU.Build.0 = Release|Any CPU
		{98ECEAE7-CFED-4209-A90E-82AADC7AC593}.Debug|Any CPU.ActiveCfg = Debug|Any CPU
		{98ECEAE7-CFED-4209-A90E-82AADC7AC593}.Debug|Any CPU.Build.0 = Debug|Any CPU
		{98ECEAE7-CFED-4209-A90E-82AADC7AC593}.Release|Any CPU.ActiveCfg = Release|Any CPU
		{98ECEAE7-CFED-4209-A90E-82AADC7AC593}.Release|Any CPU.Build.0 = Release|Any CPU
		{AFA27BFB-53DB-47EC-B3DE-329B67E7D00F}.Debug|Any CPU.ActiveCfg = Debug|Any CPU
		{AFA27BFB-53DB-47EC-B3DE-329B67E7D00F}.Debug|Any CPU.Build.0 = Debug|Any CPU
		{AFA27BFB-53DB-47EC-B3DE-329B67E7D00F}.Release|Any CPU.ActiveCfg = Release|Any CPU
		{AFA27BFB-53DB-47EC-B3DE-329B67E7D00F}.Release|Any CPU.Build.0 = Release|Any CPU
		{B0CD666C-D8CC-4AC4-929D-15E1C5AFE2D3}.Debug|Any CPU.ActiveCfg = Debug|Any CPU
		{B0CD666C-D8CC-4AC4-929D-15E1C5AFE2D3}.Debug|Any CPU.Build.0 = Debug|Any CPU
		{B0CD666C-D8CC-4AC4-929D-15E1C5AFE2D3}.Release|Any CPU.ActiveCfg = Release|Any CPU
		{B0CD666C-D8CC-4AC4-929D-15E1C5AFE2D3}.Release|Any CPU.Build.0 = Release|Any CPU
		{D825A6C0-F911-41C2-A9F6-F9F3A54D6EFE}.Debug|Any CPU.ActiveCfg = Debug|Any CPU
		{D825A6C0-F911-41C2-A9F6-F9F3A54D6EFE}.Debug|Any CPU.Build.0 = Debug|Any CPU
		{D825A6C0-F911-41C2-A9F6-F9F3A54D6EFE}.Release|Any CPU.ActiveCfg = Release|Any CPU
		{D825A6C0-F911-41C2-A9F6-F9F3A54D6EFE}.Release|Any CPU.Build.0 = Release|Any CPU
		{764220EB-555E-4750-B245-2A822077FCF1}.Debug|Any CPU.ActiveCfg = Debug|Any CPU
		{764220EB-555E-4750-B245-2A822077FCF1}.Debug|Any CPU.Build.0 = Debug|Any CPU
		{764220EB-555E-4750-B245-2A822077FCF1}.Release|Any CPU.ActiveCfg = Release|Any CPU
		{764220EB-555E-4750-B245-2A822077FCF1}.Release|Any CPU.Build.0 = Release|Any CPU
		{7604BAB2-AB0A-4878-9E21-10F251A7B6B8}.Debug|Any CPU.ActiveCfg = Debug|Any CPU
		{7604BAB2-AB0A-4878-9E21-10F251A7B6B8}.Debug|Any CPU.Build.0 = Debug|Any CPU
		{7604BAB2-AB0A-4878-9E21-10F251A7B6B8}.Release|Any CPU.ActiveCfg = Release|Any CPU
		{7604BAB2-AB0A-4878-9E21-10F251A7B6B8}.Release|Any CPU.Build.0 = Release|Any CPU
		{255E8427-B24E-46E5-978D-4D5363BFFC54}.Debug|Any CPU.ActiveCfg = Debug|Any CPU
		{255E8427-B24E-46E5-978D-4D5363BFFC54}.Debug|Any CPU.Build.0 = Debug|Any CPU
		{255E8427-B24E-46E5-978D-4D5363BFFC54}.Release|Any CPU.ActiveCfg = Release|Any CPU
		{255E8427-B24E-46E5-978D-4D5363BFFC54}.Release|Any CPU.Build.0 = Release|Any CPU
		{ABA31DCF-1E17-413D-86C0-E9C3EAD0EF27}.Debug|Any CPU.ActiveCfg = Debug|Any CPU
		{ABA31DCF-1E17-413D-86C0-E9C3EAD0EF27}.Debug|Any CPU.Build.0 = Debug|Any CPU
		{ABA31DCF-1E17-413D-86C0-E9C3EAD0EF27}.Release|Any CPU.ActiveCfg = Release|Any CPU
		{ABA31DCF-1E17-413D-86C0-E9C3EAD0EF27}.Release|Any CPU.Build.0 = Release|Any CPU
	EndGlobalSection
	GlobalSection(SolutionProperties) = preSolution
		HideSolutionNode = FALSE
	EndGlobalSection
	GlobalSection(ExtensibilityGlobals) = postSolution
		SolutionGuid = {8586849B-97FD-4DF6-8717-9F35F0FF1574}
	EndGlobalSection
EndGlobal
